# This file is automatically @generated by Cargo.
# It is not intended for manual editing.
version = 4

[[package]]
name = "allow-core"
version = "0.1.0"

[[package]]
name = "allow-diff"
version = "0.1.0"
dependencies = [
 "allow-core",
]

[[package]]
name = "allow-files"
version = "0.1.0"
dependencies = [
 "allow-core",
]

[[package]]
name = "allow-inventory"
version = "0.1.0"
dependencies = [
 "allow-core",
]

[[package]]
name = "allow-match"
version = "0.1.0"
dependencies = [
 "allow-core",
]

[[package]]
name = "allow-policy"
version = "0.1.0"
dependencies = [
 "allow-core",
]

[[package]]
name = "allow-policy-legacy"
version = "0.1.0"
dependencies = [
 "allow-core",
 "allow-policy",
]

[[package]]
name = "allow-report"
version = "0.1.0"
dependencies = [
 "allow-core",
]

[[package]]
name = "allow-rust"
version = "0.1.0"
dependencies = [
 "allow-core",
]

[[package]]
name = "cargo-allow"
version = "0.1.0"
dependencies = [
 "allow-core",
 "allow-diff",
 "allow-files",
 "allow-inventory",
 "allow-match",
 "allow-policy",
 "allow-policy-legacy",
 "allow-report",
 "allow-rust",
]
